
Microsoft Visual Studio Solution File, Format Version 12.00
# Visual Studio Version 17
VisualStudioVersion = 17.5.33516.290
MinimumVisualStudioVersion = 10.0.40219.1
Project("{FAE04EC0-301F-11D3-BF4B-00C04F79EFBC}") = "Observer", "Observer\Observer.csproj", "{EA8F3487-FA7D-40C8-B26F-9F4B729DA278}"
EndProject
Global
	GlobalSection(SolutionConfigurationPlatforms) = preSolution
		Debug|Any CPU = Debug|Any CPU
		Release|Any CPU = Release|Any CPU
	EndGlobalSection
	GlobalSection(ProjectConfigurationPlatforms) = postSolution
		{EA8F3487-FA7D-40C8-B26F-9F4B729DA278}.Debug|Any CPU.ActiveCfg = Debug|Any CPU
		{EA8F3487-FA7D-40C8-B26F-9F4B729DA278}.Debug|Any CPU.Build.0 = Debug|Any CPU
		{EA8F3487-FA7D-40C8-B26F-9F4B729DA278}.Release|Any CPU.ActiveCfg = Release|Any CPU
		{EA8F3487-FA7D-40C8-B26F-9F4B729DA278}.Release|Any CPU.Build.0 = Release|Any CPU
	EndGlobalSection
	GlobalSection(SolutionProperties) = preSolution
		HideSolutionNode = FALSE
	EndGlobalSection
	GlobalSection(ExtensibilityGlobals) = postSolution
		SolutionGuid = {3B00EC5C-1229-443D-AF4B-FAB1AD191646}
	EndGlobalSection
EndGlobal
